{
  "nodes": {
    "nixpkgs": {
      "locked": {
        "lastModified": 1785301185,
        "narHash": "sha256-eoS3KQTO0aPWXZvIaRbRAzSSHW3l5wdMFXtT1ISfoKA=",
        "owner": "NixOS",
        "repo": "nixpkgs",
        "rev": "9bc02893134c733dd85de46ee4fb2fac696b5529",
        "type": "github"
      },
      "original": {
        "owner": "NixOS",
        "repo": "nixpkgs",
        "rev": "9bc02893134c733dd85de46ee4fb2fac696b5529",
        "type": "github"
      }
    },
    "prism-llamacpp": {
      "flake": false,
      "locked": {
        "lastModified": 1785534100,
        "narHash": "sha256-AATH4Bg0nhbuftEA1xcwAX0geVNmuBY5UWK5u2vgEYI=",
        "owner": "PrismML-Eng",
        "repo": "llama.cpp",
        "rev": "9ca265a57f85f2117942490f421f64a226dd9847",
        "type": "github"
      },
      "original": {
        "owner": "PrismML-Eng",
        "repo": "llama.cpp",
        "rev": "9ca265a57f85f2117942490f421f64a226dd9847",
        "type": "github"
      }
    },
    "root": {
      "inputs": {
        "nixpkgs": "nixpkgs",
        "prism-llamacpp": "prism-llamacpp"
      }
    }
  },
  "root": "root",
  "version": 7
}
