{
  "nodes": {
    "nixpkgs": {
      "locked": {
        "lastModified": 1785301185,
        "narHash": "sha256-eoS3KQTO0aPWXZvIaRbRAzSSHW3l5wdMFXtT1ISfoKA=",
        "owner": "NixOS",
        "repo": "nixpkgs",
        "rev": "9bc02893134c733dd85de46ee4fb2fac696b5529",
        "type": "github"
      },
      "original": {
        "owner": "NixOS",
        "repo": "nixpkgs",
        "rev": "9bc02893134c733dd85de46ee4fb2fac696b5529",
        "type": "github"
      }
    },
    "prism-llamacpp": {
      "flake": false,
      "locked": {
        "lastModified": 1784402871,
        "narHash": "sha256-Ir3Rf3c5FqvaKu1CSR7hPi98s3gtJ/ZSD2BWaDraHqQ=",
        "owner": "PrismML-Eng",
        "repo": "llama.cpp",
        "rev": "9fcaed763ccda38ea81068ad9d7f991aaddca451",
        "type": "github"
      },
      "original": {
        "owner": "PrismML-Eng",
        "repo": "llama.cpp",
        "rev": "9fcaed763ccda38ea81068ad9d7f991aaddca451",
        "type": "github"
      }
    },
    "root": {
      "inputs": {
        "nixpkgs": "nixpkgs",
        "prism-llamacpp": "prism-llamacpp"
      }
    }
  },
  "root": "root",
  "version": 7
}
